
Microsoft Visual Studio Solution File, Format Version 12.00
# Visual Studio Version 17
VisualStudioVersion = 17.7.34221.43
MinimumVisualStudioVersion = 10.0.40219.1
Project("{FAE04EC0-301F-11D3-BF4B-00C04F79EFBC}") = "eata_bot_app", "eata_bot_app\eata_bot_app.csproj", "{239F44A8-65A4-4401-864D-92E1F00C34D2}"
EndProject
Global
	GlobalSection(SolutionConfigurationPlatforms) = preSolution
		Debug|Any CPU = Debug|Any CPU
		Release|Any CPU = Release|Any CPU
	EndGlobalSection
	GlobalSection(ProjectConfigurationPlatforms) = postSolution
		{239F44A8-65A4-4401-864D-92E1F00C34D2}.Debug|Any CPU.ActiveCfg = Debug|Any CPU
		{239F44A8-65A4-4401-864D-92E1F00C34D2}.Debug|Any CPU.Build.0 = Debug|Any CPU
		{239F44A8-65A4-4401-864D-92E1F00C34D2}.Release|Any CPU.ActiveCfg = Release|Any CPU
		{239F44A8-65A4-4401-864D-92E1F00C34D2}.Release|Any CPU.Build.0 = Release|Any CPU
	EndGlobalSection
	GlobalSection(SolutionProperties) = preSolution
		HideSolutionNode = FALSE
	EndGlobalSection
	GlobalSection(ExtensibilityGlobals) = postSolution
		SolutionGuid = {1988ECF5-66A4-4C53-933A-832F5844FB72}
	EndGlobalSection
EndGlobal
